// !$*UTF8*$!
{
	archiveVersion = 1;
	classes = {};
	objectVersion = 56;
	objects = {
		/* Begin PBXBuildFile section */
		F15E4AA5ED4548BA86D5AB83 /* AppDependencies.swift in Sources */ = {isa = PBXBuildFile; fileRef = 76ED9E78AB454D77822E442C; };
		5A69776039284385BCF8D735 /* MainTabView.swift in Sources */ = {isa = PBXBuildFile; fileRef = BFBCA5EBAA454E17B0D08462; };
		55EB85FFA4DF4A7B89C1AF2C /* ResumeWalkNavigationStack.swift in Sources */ = {isa = PBXBuildFile; fileRef = 4FD92F6789EB4AE591A0D893; };
		CE096B23987845A09FB424C3 /* RootView.swift in Sources */ = {isa = PBXBuildFile; fileRef = 442F686F93FD4749B1256C87; };
		93F157D3B49643E09184E5EB /* AverageStepperApp.swift in Sources */ = {isa = PBXBuildFile; fileRef = 2DB0958F60E2444EAF94F6FD; };
		EF416EF0A3C748D6B7876C2F /* ActiveWalkConfig.swift in Sources */ = {isa = PBXBuildFile; fileRef = 235423C9374E4D71BB056442; };
		83A0EB32CBA049E98CF92387 /* RoutePolylineGeometry.swift in Sources */ = {isa = PBXBuildFile; fileRef = 43EF4FE5FE9D4D26A9B4159A; };
		8D108666423F4712A2538D30 /* WalkSessionPersistence.swift in Sources */ = {isa = PBXBuildFile; fileRef = 737FF2735AEA45CA82C7FD83; };
		C2D539CEB1244F37AA2393DA /* AchievementRuleEvaluating.swift in Sources */ = {isa = PBXBuildFile; fileRef = 61DA5F45489A4490B16A4830; };
		D8115F6D82944EEEA44C9B42 /* AchievementRuleEvaluator.swift in Sources */ = {isa = PBXBuildFile; fileRef = 43C9DCF761AB46D59B43960A; };
		BDC8F3041D0E43808EB3819E /* BadgeCatalog.swift in Sources */ = {isa = PBXBuildFile; fileRef = C2A0E6946F014393A4EB0B10; };
		38975B26ABB141FA9C1980DD /* BadgeDefinition.swift in Sources */ = {isa = PBXBuildFile; fileRef = CA8A5275E010419E8B4DB3F1; };
		CAD6231BF1C246CAB37E202B /* BadgeRule.swift in Sources */ = {isa = PBXBuildFile; fileRef = 939CDF6804054C51A6ADA8C9; };
		555F9CCF43034E6096364C1C /* GamificationPersistence.swift in Sources */ = {isa = PBXBuildFile; fileRef = 5812B8B8E5CC4403BB48C589; };
		CB7A6D8547BD4FF0BC15DF13 /* GamificationTotals.swift in Sources */ = {isa = PBXBuildFile; fileRef = E81E398912744F44B57BDAF5; };
		1A752328EF9148F9AB7B5A1D /* StreakDailyCheck.swift in Sources */ = {isa = PBXBuildFile; fileRef = E9FAA37B414A41D2BB86F09D; };
		F058245047D947A6838149A0 /* StreakManager.swift in Sources */ = {isa = PBXBuildFile; fileRef = 669F1048532C45338BE4A1B9; };
		76C13D4BBA394237BD366074 /* MockData.swift in Sources */ = {isa = PBXBuildFile; fileRef = D8E64FB941C34B1583212525; };
		98971861023E47AD9BB9869E /* Achievement.swift in Sources */ = {isa = PBXBuildFile; fileRef = 9F747B6299844999BD4827FB; };
		C3943B8B54BF4F709CB30ED4 /* Badge.swift in Sources */ = {isa = PBXBuildFile; fileRef = EC431DF080694AF4B7FFFC98; };
		869D90D3A0864E84932C8CCC /* GeneratedRoute.swift in Sources */ = {isa = PBXBuildFile; fileRef = 0739C94D5D1F4C17B815AE72; };
		B6B57B247BA74456B6311738 /* LatLon.swift in Sources */ = {isa = PBXBuildFile; fileRef = 2F4AFD7188F74A1E9773257B; };
		2B6823E2E94A4D0C8D1C8951 /* RouteOption.swift in Sources */ = {isa = PBXBuildFile; fileRef = CCF344D153EC4476B2E2BE43; };
		E8BF35A1166641068A532778 /* UserPreferences.swift in Sources */ = {isa = PBXBuildFile; fileRef = 087CF67211C44DF398514F9C; };
		21A53202C3064BCD8B4CBE52 /* WalkGoal.swift in Sources */ = {isa = PBXBuildFile; fileRef = 839A9004B362483DA9058711; };
		F2DA667B7D2D44A18A13CD52 /* WalkSession.swift in Sources */ = {isa = PBXBuildFile; fileRef = 94183C65537549AE86B38A83; };
		92893A3A499B4B7085F62932 /* WalkTrackingPhase.swift in Sources */ = {isa = PBXBuildFile; fileRef = 07EF6ADCF5DE4ED1952E915A; };
		1B447D68D6FD41A4AD9CC9FC /* UserPreferencesStore.swift in Sources */ = {isa = PBXBuildFile; fileRef = 94BA747FF6534C599D957E4C; };
		EDE7099E70C74CCE947AF13C /* Geodesy.swift in Sources */ = {isa = PBXBuildFile; fileRef = 37C4B5B3F4E341E89BF8F0EF; };
		FE125976E06040439B1FB31B /* MKDirectionsWalkingDirectionsService.swift in Sources */ = {isa = PBXBuildFile; fileRef = C88DCA4FF1674EB78C07D3A8; };
		2DC899491B304A25A4D51395 /* MockWalkingDirectionsService.swift in Sources */ = {isa = PBXBuildFile; fileRef = 5AB5EEB3105C4AFFBB344626; };
		50B828BF36854A219E8392AC /* RouteGenerationPipeline.swift in Sources */ = {isa = PBXBuildFile; fileRef = 0C92DA9B0E5B483E9EDBA682; };
		5A62111D9E3041809B0003EF /* RoutePatternKind.swift in Sources */ = {isa = PBXBuildFile; fileRef = 65AE0F6A26C54458BF69F632; };
		6B5E3F0D09FB43A4B645B453 /* RouteScoring.swift in Sources */ = {isa = PBXBuildFile; fileRef = C3F55CE88A4A41839C275529; };
		DFFA35E9FA7C4BBE8C8A8CB4 /* RouteWaypointAssembler.swift in Sources */ = {isa = PBXBuildFile; fileRef = 0F0C6813AFA1408B89BB6380; };
		EC1CCC78BFB544B19FB3D0F2 /* RoutingConfig.swift in Sources */ = {isa = PBXBuildFile; fileRef = 6DEDDD2A60F74B7283AF8F82; };
		971B618950A84776BFEDB1B9 /* RoutingLogger.swift in Sources */ = {isa = PBXBuildFile; fileRef = 543EC720420D4B74A739DD8B; };
		42B97C4B188D4769A1046A0B /* SegmentRouteResult.swift in Sources */ = {isa = PBXBuildFile; fileRef = C8FAC19AD1AD4C168E3554F7; };
		C561A388489A466293649698 /* WalkingDirectionsProviding.swift in Sources */ = {isa = PBXBuildFile; fileRef = 920A9ECC25064BE5B4ABE1DD; };
		DDE031AFA07D45A8850333A3 /* WaypointPatternGenerator.swift in Sources */ = {isa = PBXBuildFile; fileRef = 8381FB1520AB4C069B502F3F; };
		F31377B2992F4BD5A73DB1A1 /* AchievementEngine.swift in Sources */ = {isa = PBXBuildFile; fileRef = 8FDF5D99BDEE4D7AB21E90D1; };
		35A98DD47F1A4E9AA0030E3D /* AchievementProviding.swift in Sources */ = {isa = PBXBuildFile; fileRef = A66E951451C7494FB5B5863B; };
		91992FE31F164E53AD9D75A5 /* LocationProviding.swift in Sources */ = {isa = PBXBuildFile; fileRef = B1E2747B6C144B4B846C46A8; };
		7EB6A2F38A844004B6DFA77F /* LocationService.swift in Sources */ = {isa = PBXBuildFile; fileRef = C97AF65D2BBF4745A22317FC; };
		0C8F3B5D3C0E42F7A40DAF40 /* RouteGenerationProviding.swift in Sources */ = {isa = PBXBuildFile; fileRef = 06F93041B117466890336ADD; };
		3DDCBA0CA9E84ABA905E515F /* RouteGenerationService.swift in Sources */ = {isa = PBXBuildFile; fileRef = 9B49517AD0FE4F7AA3B65AB4; };
		8F96330016D2441B8FD2561C /* StepDistanceEstimating.swift in Sources */ = {isa = PBXBuildFile; fileRef = 0943EF84761D474F82663201; };
		F6DF6A70CB004A93A907843E /* StepDistanceEstimator.swift in Sources */ = {isa = PBXBuildFile; fileRef = 8E048E39B0FF4EA1875D7AD2; };
		D9CA5D8C596C4429B200D0B5 /* WalkSessionManager.swift in Sources */ = {isa = PBXBuildFile; fileRef = AF75CAAEDC924302BEE3CCFB; };
		6FED7859746448E2838C9FF4 /* WalkSessionManaging.swift in Sources */ = {isa = PBXBuildFile; fileRef = 10E62519332D4043B08C4B3A; };
		D5DEC5B18AED4B95AB13A4CF /* AppCopy.swift in Sources */ = {isa = PBXBuildFile; fileRef = C7DFF41B3FD9497A8AFDAE08; };
		21034A693A8D465BBE15039D /* Formatting.swift in Sources */ = {isa = PBXBuildFile; fileRef = D95B3D9369AE4EA8A6E19990; };
		16F6BCFEF8264D989993B0A6 /* MapRegion+Fitting.swift in Sources */ = {isa = PBXBuildFile; fileRef = 389CF4CD384E4C57970176E2; };
		9D77CBFA1296410AA4E44069 /* ASCard.swift in Sources */ = {isa = PBXBuildFile; fileRef = A04AA73D2708484CAABC4F3E; };
		270D3DF6DE9141528CF371C9 /* MetricCard.swift in Sources */ = {isa = PBXBuildFile; fileRef = F6247D1BE38F4883BB901A10; };
		E859D82E71C24FEEBFD5E711 /* PrimaryButton.swift in Sources */ = {isa = PBXBuildFile; fileRef = 8C4CBCF24EAB4AFB94C74546; };
		5BB76585CA0647288D1BD124 /* Theme.swift in Sources */ = {isa = PBXBuildFile; fileRef = B5111FDC179B4C86B1E88CE1; };
		58871C72FBB84EC1A46BC6B6 /* AchievementsView.swift in Sources */ = {isa = PBXBuildFile; fileRef = 581603D4951D478E9266B297; };
		89DB7BFBBA6844518DE4C2BA /* AchievementsViewModel.swift in Sources */ = {isa = PBXBuildFile; fileRef = 1E91CDF53FDC41A2BE3AE893; };
		99A2BA40578D4D5085E38B9B /* ActiveWalkView.swift in Sources */ = {isa = PBXBuildFile; fileRef = FEAEBED4F2DA4226A776FD8B; };
		315E3D450E0C450799DB1391 /* ActiveWalkViewModel.swift in Sources */ = {isa = PBXBuildFile; fileRef = 58E18FF35E8C4119A60F937E; };
		3063692576D147DBB65F0373 /* HomePlanView.swift in Sources */ = {isa = PBXBuildFile; fileRef = EA694E5CA377498881BB8A6A; };
		D916F97537AF420287C34166 /* HomeStack.swift in Sources */ = {isa = PBXBuildFile; fileRef = 79C30C9A5CF244C9A2C8CF0E; };
		A28DEECB55E441A2BB7B8C0B /* HomeView.swift in Sources */ = {isa = PBXBuildFile; fileRef = 403E4C154CFB4E9C9D0BE77A; };
		22D59E3811154BBCA47B69D7 /* HomeViewModel.swift in Sources */ = {isa = PBXBuildFile; fileRef = 68EC7605174041AE995C951F; };
		B1BB7F5B7C624240AE395AD5 /* OnboardingView.swift in Sources */ = {isa = PBXBuildFile; fileRef = 35F036F3B3384980A64F0B59; };
		C0F2B4C019D34B28B68F7A16 /* OnboardingViewModel.swift in Sources */ = {isa = PBXBuildFile; fileRef = 0514CA1D485249728DD76740; };
		228A22DAB6BD48A983C18742 /* RoutePreviewView.swift in Sources */ = {isa = PBXBuildFile; fileRef = 4040854ACE284709AE7E977A; };
		E045E18E97F9437CA2D04B80 /* RoutePreviewViewModel.swift in Sources */ = {isa = PBXBuildFile; fileRef = 3B0AECEABD2749EB8B20B1CC; };
		6A7CC7CF74494DF095C34528 /* SettingsView.swift in Sources */ = {isa = PBXBuildFile; fileRef = E7616B2C34784B91BFB1CD76; };
		A5B651A0752649069D8932C1 /* SettingsViewModel.swift in Sources */ = {isa = PBXBuildFile; fileRef = 6124DA8FDFD84F019083F106; };
		9AC89CCC41F84D15B6748FE6 /* CelebrationConfettiView.swift in Sources */ = {isa = PBXBuildFile; fileRef = 2280ADAE70EA4B0D9C43F67F; };
		E741A70FD86D40E7B79727C0 /* WalkCompleteView.swift in Sources */ = {isa = PBXBuildFile; fileRef = 426C9254CCA742638E58A2CE; };
		97737996FCED4D718B3DC1E7 /* WalkCompleteViewModel.swift in Sources */ = {isa = PBXBuildFile; fileRef = B071371D14134B17AFB36E6E; };
		F5B8CEA0A6724966AD700350 /* AchievementRulesTests.swift in Sources */ = {isa = PBXBuildFile; fileRef = 7EC6EDA6FA1D46A7A6E4E2A5; };
		C0605D9666AC43F591F16D57 /* MockLocationService.swift in Sources */ = {isa = PBXBuildFile; fileRef = 13D8230B61AA4A088AB1465B; };
		B33D4A1715BD41109E6EC59F /* RouteScoringTests.swift in Sources */ = {isa = PBXBuildFile; fileRef = 161A1E82CCAF41ADB014AFE9; };
		E0B1651033D24B61838477F7 /* StepDistanceEstimatorTests.swift in Sources */ = {isa = PBXBuildFile; fileRef = 846C7586538C4819B84C0F55; };
		133AAA8214E6456C9D9909CA /* StreakManagerTests.swift in Sources */ = {isa = PBXBuildFile; fileRef = DA75F371B28145DFAD86AC0C; };
		46181D49AC6341049E1525FF /* WalkSessionManagerTests.swift in Sources */ = {isa = PBXBuildFile; fileRef = D0EE87D8296D4137AE14DA26; };
		AA10BB20CC30DD40EE50FA62 /* GeodesyTests.swift in Sources */ = {isa = PBXBuildFile; fileRef = AA10BB20CC30DD40EE50FA61 /* GeodesyTests.swift */; };
		BB20CC30DD40EE50FA60BB12 /* HomeViewModelTests.swift in Sources */ = {isa = PBXBuildFile; fileRef = BB20CC30DD40EE50FA60BB11 /* HomeViewModelTests.swift */; };
		F39E38AF28654FE8B650BA0B /* Assets.xcassets in Resources */ = {isa = PBXBuildFile; fileRef = 5082F70F76174C42B1FEF3C2; };
		/* End PBXBuildFile section */
		/* Begin PBXFileReference section */
		B1112409CE994FEA879687D6 /* AverageStepper.app */ = {isa = PBXFileReference; explicitFileType = wrapper.application; includeInIndex = 0; path = AverageStepper.app; sourceTree = BUILT_PRODUCTS_DIR; };
		7B91801091854266B962889E /* AverageStepperTests.xctest */ = {isa = PBXFileReference; explicitFileType = wrapper.cfbundle; includeInIndex = 0; path = AverageStepperTests.xctest; sourceTree = BUILT_PRODUCTS_DIR; };
		76ED9E78AB454D77822E442C /* AppDependencies.swift */ = {isa = PBXFileReference; lastKnownFileType = sourcecode.swift; path = "App/AppDependencies.swift"; sourceTree = "<group>"; };
		BFBCA5EBAA454E17B0D08462 /* MainTabView.swift */ = {isa = PBXFileReference; lastKnownFileType = sourcecode.swift; path = "App/MainTabView.swift"; sourceTree = "<group>"; };
		4FD92F6789EB4AE591A0D893 /* ResumeWalkNavigationStack.swift */ = {isa = PBXFileReference; lastKnownFileType = sourcecode.swift; path = "App/ResumeWalkNavigationStack.swift"; sourceTree = "<group>"; };
		442F686F93FD4749B1256C87 /* RootView.swift */ = {isa = PBXFileReference; lastKnownFileType = sourcecode.swift; path = "App/RootView.swift"; sourceTree = "<group>"; };
		2DB0958F60E2444EAF94F6FD /* AverageStepperApp.swift */ = {isa = PBXFileReference; lastKnownFileType = sourcecode.swift; path = "AverageStepperApp.swift"; sourceTree = "<group>"; };
		235423C9374E4D71BB056442 /* ActiveWalkConfig.swift */ = {isa = PBXFileReference; lastKnownFileType = sourcecode.swift; path = "Core/ActiveWalk/ActiveWalkConfig.swift"; sourceTree = "<group>"; };
		43EF4FE5FE9D4D26A9B4159A /* RoutePolylineGeometry.swift */ = {isa = PBXFileReference; lastKnownFileType = sourcecode.swift; path = "Core/ActiveWalk/RoutePolylineGeometry.swift"; sourceTree = "<group>"; };
		737FF2735AEA45CA82C7FD83 /* WalkSessionPersistence.swift */ = {isa = PBXFileReference; lastKnownFileType = sourcecode.swift; path = "Core/ActiveWalk/WalkSessionPersistence.swift"; sourceTree = "<group>"; };
		61DA5F45489A4490B16A4830 /* AchievementRuleEvaluating.swift */ = {isa = PBXFileReference; lastKnownFileType = sourcecode.swift; path = "Core/Gamification/AchievementRuleEvaluating.swift"; sourceTree = "<group>"; };
		43C9DCF761AB46D59B43960A /* AchievementRuleEvaluator.swift */ = {isa = PBXFileReference; lastKnownFileType = sourcecode.swift; path = "Core/Gamification/AchievementRuleEvaluator.swift"; sourceTree = "<group>"; };
		C2A0E6946F014393A4EB0B10 /* BadgeCatalog.swift */ = {isa = PBXFileReference; lastKnownFileType = sourcecode.swift; path = "Core/Gamification/BadgeCatalog.swift"; sourceTree = "<group>"; };
		CA8A5275E010419E8B4DB3F1 /* BadgeDefinition.swift */ = {isa = PBXFileReference; lastKnownFileType = sourcecode.swift; path = "Core/Gamification/BadgeDefinition.swift"; sourceTree = "<group>"; };
		939CDF6804054C51A6ADA8C9 /* BadgeRule.swift */ = {isa = PBXFileReference; lastKnownFileType = sourcecode.swift; path = "Core/Gamification/BadgeRule.swift"; sourceTree = "<group>"; };
		5812B8B8E5CC4403BB48C589 /* GamificationPersistence.swift */ = {isa = PBXFileReference; lastKnownFileType = sourcecode.swift; path = "Core/Gamification/GamificationPersistence.swift"; sourceTree = "<group>"; };
		E81E398912744F44B57BDAF5 /* GamificationTotals.swift */ = {isa = PBXFileReference; lastKnownFileType = sourcecode.swift; path = "Core/Gamification/GamificationTotals.swift"; sourceTree = "<group>"; };
		E9FAA37B414A41D2BB86F09D /* StreakDailyCheck.swift */ = {isa = PBXFileReference; lastKnownFileType = sourcecode.swift; path = "Core/Gamification/StreakDailyCheck.swift"; sourceTree = "<group>"; };
		669F1048532C45338BE4A1B9 /* StreakManager.swift */ = {isa = PBXFileReference; lastKnownFileType = sourcecode.swift; path = "Core/Gamification/StreakManager.swift"; sourceTree = "<group>"; };
		D8E64FB941C34B1583212525 /* MockData.swift */ = {isa = PBXFileReference; lastKnownFileType = sourcecode.swift; path = "Core/Mock/MockData.swift"; sourceTree = "<group>"; };
		9F747B6299844999BD4827FB /* Achievement.swift */ = {isa = PBXFileReference; lastKnownFileType = sourcecode.swift; path = "Core/Models/Achievement.swift"; sourceTree = "<group>"; };
		EC431DF080694AF4B7FFFC98 /* Badge.swift */ = {isa = PBXFileReference; lastKnownFileType = sourcecode.swift; path = "Core/Models/Badge.swift"; sourceTree = "<group>"; };
		0739C94D5D1F4C17B815AE72 /* GeneratedRoute.swift */ = {isa = PBXFileReference; lastKnownFileType = sourcecode.swift; path = "Core/Models/GeneratedRoute.swift"; sourceTree = "<group>"; };
		2F4AFD7188F74A1E9773257B /* LatLon.swift */ = {isa = PBXFileReference; lastKnownFileType = sourcecode.swift; path = "Core/Models/LatLon.swift"; sourceTree = "<group>"; };
		CCF344D153EC4476B2E2BE43 /* RouteOption.swift */ = {isa = PBXFileReference; lastKnownFileType = sourcecode.swift; path = "Core/Models/RouteOption.swift"; sourceTree = "<group>"; };
		087CF67211C44DF398514F9C /* UserPreferences.swift */ = {isa = PBXFileReference; lastKnownFileType = sourcecode.swift; path = "Core/Models/UserPreferences.swift"; sourceTree = "<group>"; };
		839A9004B362483DA9058711 /* WalkGoal.swift */ = {isa = PBXFileReference; lastKnownFileType = sourcecode.swift; path = "Core/Models/WalkGoal.swift"; sourceTree = "<group>"; };
		94183C65537549AE86B38A83 /* WalkSession.swift */ = {isa = PBXFileReference; lastKnownFileType = sourcecode.swift; path = "Core/Models/WalkSession.swift"; sourceTree = "<group>"; };
		07EF6ADCF5DE4ED1952E915A /* WalkTrackingPhase.swift */ = {isa = PBXFileReference; lastKnownFileType = sourcecode.swift; path = "Core/Models/WalkTrackingPhase.swift"; sourceTree = "<group>"; };
		94BA747FF6534C599D957E4C /* UserPreferencesStore.swift */ = {isa = PBXFileReference; lastKnownFileType = sourcecode.swift; path = "Core/Persistence/UserPreferencesStore.swift"; sourceTree = "<group>"; };
		37C4B5B3F4E341E89BF8F0EF /* Geodesy.swift */ = {isa = PBXFileReference; lastKnownFileType = sourcecode.swift; path = "Core/Routing/Geodesy.swift"; sourceTree = "<group>"; };
		C88DCA4FF1674EB78C07D3A8 /* MKDirectionsWalkingDirectionsService.swift */ = {isa = PBXFileReference; lastKnownFileType = sourcecode.swift; path = "Core/Routing/MKDirectionsWalkingDirectionsService.swift"; sourceTree = "<group>"; };
		5AB5EEB3105C4AFFBB344626 /* MockWalkingDirectionsService.swift */ = {isa = PBXFileReference; lastKnownFileType = sourcecode.swift; path = "Core/Routing/MockWalkingDirectionsService.swift"; sourceTree = "<group>"; };
		0C92DA9B0E5B483E9EDBA682 /* RouteGenerationPipeline.swift */ = {isa = PBXFileReference; lastKnownFileType = sourcecode.swift; path = "Core/Routing/RouteGenerationPipeline.swift"; sourceTree = "<group>"; };
		65AE0F6A26C54458BF69F632 /* RoutePatternKind.swift */ = {isa = PBXFileReference; lastKnownFileType = sourcecode.swift; path = "Core/Routing/RoutePatternKind.swift"; sourceTree = "<group>"; };
		C3F55CE88A4A41839C275529 /* RouteScoring.swift */ = {isa = PBXFileReference; lastKnownFileType = sourcecode.swift; path = "Core/Routing/RouteScoring.swift"; sourceTree = "<group>"; };
		0F0C6813AFA1408B89BB6380 /* RouteWaypointAssembler.swift */ = {isa = PBXFileReference; lastKnownFileType = sourcecode.swift; path = "Core/Routing/RouteWaypointAssembler.swift"; sourceTree = "<group>"; };
		6DEDDD2A60F74B7283AF8F82 /* RoutingConfig.swift */ = {isa = PBXFileReference; lastKnownFileType = sourcecode.swift; path = "Core/Routing/RoutingConfig.swift"; sourceTree = "<group>"; };
		543EC720420D4B74A739DD8B /* RoutingLogger.swift */ = {isa = PBXFileReference; lastKnownFileType = sourcecode.swift; path = "Core/Routing/RoutingLogger.swift"; sourceTree = "<group>"; };
		C8FAC19AD1AD4C168E3554F7 /* SegmentRouteResult.swift */ = {isa = PBXFileReference; lastKnownFileType = sourcecode.swift; path = "Core/Routing/SegmentRouteResult.swift"; sourceTree = "<group>"; };
		920A9ECC25064BE5B4ABE1DD /* WalkingDirectionsProviding.swift */ = {isa = PBXFileReference; lastKnownFileType = sourcecode.swift; path = "Core/Routing/WalkingDirectionsProviding.swift"; sourceTree = "<group>"; };
		8381FB1520AB4C069B502F3F /* WaypointPatternGenerator.swift */ = {isa = PBXFileReference; lastKnownFileType = sourcecode.swift; path = "Core/Routing/WaypointPatternGenerator.swift"; sourceTree = "<group>"; };
		8FDF5D99BDEE4D7AB21E90D1 /* AchievementEngine.swift */ = {isa = PBXFileReference; lastKnownFileType = sourcecode.swift; path = "Core/Services/AchievementEngine.swift"; sourceTree = "<group>"; };
		A66E951451C7494FB5B5863B /* AchievementProviding.swift */ = {isa = PBXFileReference; lastKnownFileType = sourcecode.swift; path = "Core/Services/AchievementProviding.swift"; sourceTree = "<group>"; };
		B1E2747B6C144B4B846C46A8 /* LocationProviding.swift */ = {isa = PBXFileReference; lastKnownFileType = sourcecode.swift; path = "Core/Services/LocationProviding.swift"; sourceTree = "<group>"; };
		C97AF65D2BBF4745A22317FC /* LocationService.swift */ = {isa = PBXFileReference; lastKnownFileType = sourcecode.swift; path = "Core/Services/LocationService.swift"; sourceTree = "<group>"; };
		06F93041B117466890336ADD /* RouteGenerationProviding.swift */ = {isa = PBXFileReference; lastKnownFileType = sourcecode.swift; path = "Core/Services/RouteGenerationProviding.swift"; sourceTree = "<group>"; };
		9B49517AD0FE4F7AA3B65AB4 /* RouteGenerationService.swift */ = {isa = PBXFileReference; lastKnownFileType = sourcecode.swift; path = "Core/Services/RouteGenerationService.swift"; sourceTree = "<group>"; };
		0943EF84761D474F82663201 /* StepDistanceEstimating.swift */ = {isa = PBXFileReference; lastKnownFileType = sourcecode.swift; path = "Core/Services/StepDistanceEstimating.swift"; sourceTree = "<group>"; };
		8E048E39B0FF4EA1875D7AD2 /* StepDistanceEstimator.swift */ = {isa = PBXFileReference; lastKnownFileType = sourcecode.swift; path = "Core/Services/StepDistanceEstimator.swift"; sourceTree = "<group>"; };
		AF75CAAEDC924302BEE3CCFB /* WalkSessionManager.swift */ = {isa = PBXFileReference; lastKnownFileType = sourcecode.swift; path = "Core/Services/WalkSessionManager.swift"; sourceTree = "<group>"; };
		10E62519332D4043B08C4B3A /* WalkSessionManaging.swift */ = {isa = PBXFileReference; lastKnownFileType = sourcecode.swift; path = "Core/Services/WalkSessionManaging.swift"; sourceTree = "<group>"; };
		C7DFF41B3FD9497A8AFDAE08 /* AppCopy.swift */ = {isa = PBXFileReference; lastKnownFileType = sourcecode.swift; path = "Core/Utilities/AppCopy.swift"; sourceTree = "<group>"; };
		D95B3D9369AE4EA8A6E19990 /* Formatting.swift */ = {isa = PBXFileReference; lastKnownFileType = sourcecode.swift; path = "Core/Utilities/Formatting.swift"; sourceTree = "<group>"; };
		389CF4CD384E4C57970176E2 /* MapRegion+Fitting.swift */ = {isa = PBXFileReference; lastKnownFileType = sourcecode.swift; path = "Core/Utilities/MapRegion+Fitting.swift"; sourceTree = "<group>"; };
		A04AA73D2708484CAABC4F3E /* ASCard.swift */ = {isa = PBXFileReference; lastKnownFileType = sourcecode.swift; path = "DesignSystem/ASCard.swift"; sourceTree = "<group>"; };
		F6247D1BE38F4883BB901A10 /* MetricCard.swift */ = {isa = PBXFileReference; lastKnownFileType = sourcecode.swift; path = "DesignSystem/MetricCard.swift"; sourceTree = "<group>"; };
		8C4CBCF24EAB4AFB94C74546 /* PrimaryButton.swift */ = {isa = PBXFileReference; lastKnownFileType = sourcecode.swift; path = "DesignSystem/PrimaryButton.swift"; sourceTree = "<group>"; };
		B5111FDC179B4C86B1E88CE1 /* Theme.swift */ = {isa = PBXFileReference; lastKnownFileType = sourcecode.swift; path = "DesignSystem/Theme.swift"; sourceTree = "<group>"; };
		581603D4951D478E9266B297 /* AchievementsView.swift */ = {isa = PBXFileReference; lastKnownFileType = sourcecode.swift; path = "Features/Achievements/AchievementsView.swift"; sourceTree = "<group>"; };
		1E91CDF53FDC41A2BE3AE893 /* AchievementsViewModel.swift */ = {isa = PBXFileReference; lastKnownFileType = sourcecode.swift; path = "Features/Achievements/AchievementsViewModel.swift"; sourceTree = "<group>"; };
		FEAEBED4F2DA4226A776FD8B /* ActiveWalkView.swift */ = {isa = PBXFileReference; lastKnownFileType = sourcecode.swift; path = "Features/ActiveWalk/ActiveWalkView.swift"; sourceTree = "<group>"; };
		58E18FF35E8C4119A60F937E /* ActiveWalkViewModel.swift */ = {isa = PBXFileReference; lastKnownFileType = sourcecode.swift; path = "Features/ActiveWalk/ActiveWalkViewModel.swift"; sourceTree = "<group>"; };
		EA694E5CA377498881BB8A6A /* HomePlanView.swift */ = {isa = PBXFileReference; lastKnownFileType = sourcecode.swift; path = "Features/Home/HomePlanView.swift"; sourceTree = "<group>"; };
		79C30C9A5CF244C9A2C8CF0E /* HomeStack.swift */ = {isa = PBXFileReference; lastKnownFileType = sourcecode.swift; path = "Features/Home/HomeStack.swift"; sourceTree = "<group>"; };
		403E4C154CFB4E9C9D0BE77A /* HomeView.swift */ = {isa = PBXFileReference; lastKnownFileType = sourcecode.swift; path = "Features/Home/HomeView.swift"; sourceTree = "<group>"; };
		68EC7605174041AE995C951F /* HomeViewModel.swift */ = {isa = PBXFileReference; lastKnownFileType = sourcecode.swift; path = "Features/Home/HomeViewModel.swift"; sourceTree = "<group>"; };
		35F036F3B3384980A64F0B59 /* OnboardingView.swift */ = {isa = PBXFileReference; lastKnownFileType = sourcecode.swift; path = "Features/Onboarding/OnboardingView.swift"; sourceTree = "<group>"; };
		0514CA1D485249728DD76740 /* OnboardingViewModel.swift */ = {isa = PBXFileReference; lastKnownFileType = sourcecode.swift; path = "Features/Onboarding/OnboardingViewModel.swift"; sourceTree = "<group>"; };
		4040854ACE284709AE7E977A /* RoutePreviewView.swift */ = {isa = PBXFileReference; lastKnownFileType = sourcecode.swift; path = "Features/RoutePreview/RoutePreviewView.swift"; sourceTree = "<group>"; };
		3B0AECEABD2749EB8B20B1CC /* RoutePreviewViewModel.swift */ = {isa = PBXFileReference; lastKnownFileType = sourcecode.swift; path = "Features/RoutePreview/RoutePreviewViewModel.swift"; sourceTree = "<group>"; };
		E7616B2C34784B91BFB1CD76 /* SettingsView.swift */ = {isa = PBXFileReference; lastKnownFileType = sourcecode.swift; path = "Features/Settings/SettingsView.swift"; sourceTree = "<group>"; };
		6124DA8FDFD84F019083F106 /* SettingsViewModel.swift */ = {isa = PBXFileReference; lastKnownFileType = sourcecode.swift; path = "Features/Settings/SettingsViewModel.swift"; sourceTree = "<group>"; };
		2280ADAE70EA4B0D9C43F67F /* CelebrationConfettiView.swift */ = {isa = PBXFileReference; lastKnownFileType = sourcecode.swift; path = "Features/WalkComplete/CelebrationConfettiView.swift"; sourceTree = "<group>"; };
		426C9254CCA742638E58A2CE /* WalkCompleteView.swift */ = {isa = PBXFileReference; lastKnownFileType = sourcecode.swift; path = "Features/WalkComplete/WalkCompleteView.swift"; sourceTree = "<group>"; };
		B071371D14134B17AFB36E6E /* WalkCompleteViewModel.swift */ = {isa = PBXFileReference; lastKnownFileType = sourcecode.swift; path = "Features/WalkComplete/WalkCompleteViewModel.swift"; sourceTree = "<group>"; };
		5082F70F76174C42B1FEF3C2 /* Assets.xcassets */ = {isa = PBXFileReference; lastKnownFileType = folder.assetcatalog; path = Assets.xcassets; sourceTree = "<group>"; };
		7EC6EDA6FA1D46A7A6E4E2A5 /* AchievementRulesTests.swift */ = {isa = PBXFileReference; lastKnownFileType = sourcecode.swift; path = "AchievementRulesTests.swift"; sourceTree = "<group>"; };
		13D8230B61AA4A088AB1465B /* MockLocationService.swift */ = {isa = PBXFileReference; lastKnownFileType = sourcecode.swift; path = "MockLocationService.swift"; sourceTree = "<group>"; };
		161A1E82CCAF41ADB014AFE9 /* RouteScoringTests.swift */ = {isa = PBXFileReference; lastKnownFileType = sourcecode.swift; path = "RouteScoringTests.swift"; sourceTree = "<group>"; };
		846C7586538C4819B84C0F55 /* StepDistanceEstimatorTests.swift */ = {isa = PBXFileReference; lastKnownFileType = sourcecode.swift; path = "StepDistanceEstimatorTests.swift"; sourceTree = "<group>"; };
		DA75F371B28145DFAD86AC0C /* StreakManagerTests.swift */ = {isa = PBXFileReference; lastKnownFileType = sourcecode.swift; path = "StreakManagerTests.swift"; sourceTree = "<group>"; };
		D0EE87D8296D4137AE14DA26 /* WalkSessionManagerTests.swift */ = {isa = PBXFileReference; lastKnownFileType = sourcecode.swift; path = "WalkSessionManagerTests.swift"; sourceTree = "<group>"; };
		AA10BB20CC30DD40EE50FA61 /* GeodesyTests.swift */ = {isa = PBXFileReference; lastKnownFileType = sourcecode.swift; path = "GeodesyTests.swift"; sourceTree = "<group>"; };
		BB20CC30DD40EE50FA60BB11 /* HomeViewModelTests.swift */ = {isa = PBXFileReference; lastKnownFileType = sourcecode.swift; path = "HomeViewModelTests.swift"; sourceTree = "<group>"; };
		/* End PBXFileReference section */
		/* Begin PBXFrameworksBuildPhase section */
		12A6DEC66E4B4846842BEEA1 /* Frameworks */ = {
			isa = PBXFrameworksBuildPhase;
			buildActionMask = 2147483647;
			files = ();
			runOnlyForDeploymentPostprocessing = 0;
		};
		/* End PBXFrameworksBuildPhase section */
		/* Begin PBXGroup section */
		1AC8D4825F6249C8B47910D4 = {
			isa = PBXGroup;
			children = (
				7EC0D7C5143842CBA9E0CFB5 /* AverageStepper */,
				CD979787C9BA484E8A27145B /* AverageStepperTests */,
				2D3D41B3DEAA474DA8AD249C /* Products */,
			);
			sourceTree = "<group>";
		};
		2D3D41B3DEAA474DA8AD249C = {
			isa = PBXGroup;
			children = (
				B1112409CE994FEA879687D6 /* AverageStepper.app */,
				7B91801091854266B962889E /* AverageStepperTests.xctest */,
			);
			name = Products;
			sourceTree = "<group>";
		};
		FD05EE8A24C848A0B6D03A24 = {
			isa = PBXGroup;
			children = (
				5082F70F76174C42B1FEF3C2 /* Assets.xcassets */,
			);
			path = Resources;
			sourceTree = "<group>";
		};
		7EC0D7C5143842CBA9E0CFB5 = {
			isa = PBXGroup;
			children = (
				76ED9E78AB454D77822E442C,
				BFBCA5EBAA454E17B0D08462,
				4FD92F6789EB4AE591A0D893,
				442F686F93FD4749B1256C87,
				2DB0958F60E2444EAF94F6FD,
				235423C9374E4D71BB056442,
				43EF4FE5FE9D4D26A9B4159A,
				737FF2735AEA45CA82C7FD83,
				61DA5F45489A4490B16A4830,
				43C9DCF761AB46D59B43960A,
				C2A0E6946F014393A4EB0B10,
				CA8A5275E010419E8B4DB3F1,
				939CDF6804054C51A6ADA8C9,
				5812B8B8E5CC4403BB48C589,
				E81E398912744F44B57BDAF5,
				E9FAA37B414A41D2BB86F09D,
				669F1048532C45338BE4A1B9,
				D8E64FB941C34B1583212525,
				9F747B6299844999BD4827FB,
				EC431DF080694AF4B7FFFC98,
				0739C94D5D1F4C17B815AE72,
				2F4AFD7188F74A1E9773257B,
				CCF344D153EC4476B2E2BE43,
				087CF67211C44DF398514F9C,
				839A9004B362483DA9058711,
				94183C65537549AE86B38A83,
				07EF6ADCF5DE4ED1952E915A,
				94BA747FF6534C599D957E4C,
				37C4B5B3F4E341E89BF8F0EF,
				C88DCA4FF1674EB78C07D3A8,
				5AB5EEB3105C4AFFBB344626,
				0C92DA9B0E5B483E9EDBA682,
				65AE0F6A26C54458BF69F632,
				C3F55CE88A4A41839C275529,
				0F0C6813AFA1408B89BB6380,
				6DEDDD2A60F74B7283AF8F82,
				543EC720420D4B74A739DD8B,
				C8FAC19AD1AD4C168E3554F7,
				920A9ECC25064BE5B4ABE1DD,
				8381FB1520AB4C069B502F3F,
				8FDF5D99BDEE4D7AB21E90D1,
				A66E951451C7494FB5B5863B,
				B1E2747B6C144B4B846C46A8,
				C97AF65D2BBF4745A22317FC,
				06F93041B117466890336ADD,
				9B49517AD0FE4F7AA3B65AB4,
				0943EF84761D474F82663201,
				8E048E39B0FF4EA1875D7AD2,
				AF75CAAEDC924302BEE3CCFB,
				10E62519332D4043B08C4B3A,
				C7DFF41B3FD9497A8AFDAE08,
				D95B3D9369AE4EA8A6E19990,
				389CF4CD384E4C57970176E2,
				A04AA73D2708484CAABC4F3E,
				F6247D1BE38F4883BB901A10,
				8C4CBCF24EAB4AFB94C74546,
				B5111FDC179B4C86B1E88CE1,
				581603D4951D478E9266B297,
				1E91CDF53FDC41A2BE3AE893,
				FEAEBED4F2DA4226A776FD8B,
				58E18FF35E8C4119A60F937E,
				EA694E5CA377498881BB8A6A,
				79C30C9A5CF244C9A2C8CF0E,
				403E4C154CFB4E9C9D0BE77A,
				68EC7605174041AE995C951F,
				35F036F3B3384980A64F0B59,
				0514CA1D485249728DD76740,
				4040854ACE284709AE7E977A,
				3B0AECEABD2749EB8B20B1CC,
				E7616B2C34784B91BFB1CD76,
				6124DA8FDFD84F019083F106,
				2280ADAE70EA4B0D9C43F67F,
				426C9254CCA742638E58A2CE,
				B071371D14134B17AFB36E6E,
				FD05EE8A24C848A0B6D03A24 /* Resources */,
			);
			path = AverageStepper;
			sourceTree = "<group>";
		};
		CD979787C9BA484E8A27145B = {
			isa = PBXGroup;
			children = (
				7EC6EDA6FA1D46A7A6E4E2A5,
				13D8230B61AA4A088AB1465B,
				161A1E82CCAF41ADB014AFE9,
				846C7586538C4819B84C0F55,
				DA75F371B28145DFAD86AC0C,
				D0EE87D8296D4137AE14DA26,
				AA10BB20CC30DD40EE50FA61,
				BB20CC30DD40EE50FA60BB11,
			);
			path = AverageStepperTests;
			sourceTree = "<group>";
		};
		/* End PBXGroup section */
		/* Begin PBXNativeTarget section */
		A33267B88CB34045B4CDA86D /* AverageStepper */ = {
			isa = PBXNativeTarget;
			buildConfigurationList = 614C4327B1FF41829101881B /* Build configuration list for PBXNativeTarget "AverageStepper" */;
			buildPhases = (
				AC6085E03DE64B74B69A994C /* Sources */,
				12A6DEC66E4B4846842BEEA1 /* Frameworks */,
				1931D67C5ADF4A6D8709CAAB /* Resources */,
			);
			buildRules = ();
			dependencies = ();
			name = AverageStepper;
			productName = AverageStepper;
			productReference = B1112409CE994FEA879687D6 /* AverageStepper.app */;
			productType = "com.apple.product-type.application";
		};
		844F6F5D8EE24288B7BAD2A9 /* PBXContainerItemProxy */ = {
			isa = PBXContainerItemProxy;
			containerPortal = C131637E7EA34DAEA3703142 /* Project object */;
			proxyType = 1;
			remoteGlobalIDString = A33267B88CB34045B4CDA86D;
			remoteInfo = AverageStepper;
		};
		F2B5057F7A5E4086BECF84E3 /* PBXTargetDependency */ = {
			isa = PBXTargetDependency;
			target = A33267B88CB34045B4CDA86D /* AverageStepper */;
			targetProxy = 844F6F5D8EE24288B7BAD2A9 /* PBXContainerItemProxy */;
		};
		EAA78568C20E44CEA248BBE6 /* AverageStepperTests */ = {
			isa = PBXNativeTarget;
			buildConfigurationList = 862AE882E8F7439BA740A20B /* Build configuration list for PBXNativeTarget "AverageStepperTests" */;
			buildPhases = (
				4FC8D9484F6E4DAA8F3EAC27 /* Sources */,
				C7710A021B3C496ABD841787 /* Frameworks */,
			);
			buildRules = ();
			dependencies = (
				F2B5057F7A5E4086BECF84E3 /* PBXTargetDependency */,
			);
			name = AverageStepperTests;
			productName = AverageStepperTests;
			productReference = 7B91801091854266B962889E /* AverageStepperTests.xctest */;
			productType = "com.apple.product-type.bundle.unit-test";
		};
		/* End PBXNativeTarget section */
		/* Begin PBXProject section */
		C131637E7EA34DAEA3703142 /* Project object */ = {
			isa = PBXProject;
			attributes = {
				BuildIndependentTargetsInParallel = 1;
				LastSwiftUpdateCheck = 1500;
				LastUpgradeCheck = 1500;
				TargetAttributes = {
					A33267B88CB34045B4CDA86D = {
						CreatedOnToolsVersion = 15.0;
						ProvisioningStyle = Automatic;
					};
				};
			};
			buildConfigurationList = C63AE514CA3D4B48B7AD6A00 /* Build configuration list for PBXProject "AverageStepper" */;
			compatibilityVersion = "Xcode 16.0";
			developmentRegion = en;
			hasScannedForEncodings = 0;
			knownRegions = (
				en,
				Base,
			);
			mainGroup = 1AC8D4825F6249C8B47910D4;
			productRefGroup = 2D3D41B3DEAA474DA8AD249C /* Products */;
			projectDirPath = "";
			projectRoot = "";
			targets = (
				A33267B88CB34045B4CDA86D /* AverageStepper */,
				EAA78568C20E44CEA248BBE6 /* AverageStepperTests */,
			);
		};
		/* End PBXProject section */
		/* Begin PBXResourcesBuildPhase section */
		1931D67C5ADF4A6D8709CAAB /* Resources */ = {
			isa = PBXResourcesBuildPhase;
			buildActionMask = 2147483647;
			files = (
				F39E38AF28654FE8B650BA0B /* Assets.xcassets in Resources */,
			);
			runOnlyForDeploymentPostprocessing = 0;
		};
		/* End PBXResourcesBuildPhase section */
		/* Begin PBXSourcesBuildPhase section */
		AC6085E03DE64B74B69A994C /* Sources */ = {
			isa = PBXSourcesBuildPhase;
			buildActionMask = 2147483647;
			files = (
				F15E4AA5ED4548BA86D5AB83 /* AppDependencies.swift in Sources */,
				5A69776039284385BCF8D735 /* MainTabView.swift in Sources */,
				55EB85FFA4DF4A7B89C1AF2C /* ResumeWalkNavigationStack.swift in Sources */,
				CE096B23987845A09FB424C3 /* RootView.swift in Sources */,
				93F157D3B49643E09184E5EB /* AverageStepperApp.swift in Sources */,
				EF416EF0A3C748D6B7876C2F /* ActiveWalkConfig.swift in Sources */,
				83A0EB32CBA049E98CF92387 /* RoutePolylineGeometry.swift in Sources */,
				8D108666423F4712A2538D30 /* WalkSessionPersistence.swift in Sources */,
				C2D539CEB1244F37AA2393DA /* AchievementRuleEvaluating.swift in Sources */,
				D8115F6D82944EEEA44C9B42 /* AchievementRuleEvaluator.swift in Sources */,
				BDC8F3041D0E43808EB3819E /* BadgeCatalog.swift in Sources */,
				38975B26ABB141FA9C1980DD /* BadgeDefinition.swift in Sources */,
				CAD6231BF1C246CAB37E202B /* BadgeRule.swift in Sources */,
				555F9CCF43034E6096364C1C /* GamificationPersistence.swift in Sources */,
				CB7A6D8547BD4FF0BC15DF13 /* GamificationTotals.swift in Sources */,
				1A752328EF9148F9AB7B5A1D /* StreakDailyCheck.swift in Sources */,
				F058245047D947A6838149A0 /* StreakManager.swift in Sources */,
				76C13D4BBA394237BD366074 /* MockData.swift in Sources */,
				98971861023E47AD9BB9869E /* Achievement.swift in Sources */,
				C3943B8B54BF4F709CB30ED4 /* Badge.swift in Sources */,
				869D90D3A0864E84932C8CCC /* GeneratedRoute.swift in Sources */,
				B6B57B247BA74456B6311738 /* LatLon.swift in Sources */,
				2B6823E2E94A4D0C8D1C8951 /* RouteOption.swift in Sources */,
				E8BF35A1166641068A532778 /* UserPreferences.swift in Sources */,
				21A53202C3064BCD8B4CBE52 /* WalkGoal.swift in Sources */,
				F2DA667B7D2D44A18A13CD52 /* WalkSession.swift in Sources */,
				92893A3A499B4B7085F62932 /* WalkTrackingPhase.swift in Sources */,
				1B447D68D6FD41A4AD9CC9FC /* UserPreferencesStore.swift in Sources */,
				EDE7099E70C74CCE947AF13C /* Geodesy.swift in Sources */,
				FE125976E06040439B1FB31B /* MKDirectionsWalkingDirectionsService.swift in Sources */,
				2DC899491B304A25A4D51395 /* MockWalkingDirectionsService.swift in Sources */,
				50B828BF36854A219E8392AC /* RouteGenerationPipeline.swift in Sources */,
				5A62111D9E3041809B0003EF /* RoutePatternKind.swift in Sources */,
				6B5E3F0D09FB43A4B645B453 /* RouteScoring.swift in Sources */,
				DFFA35E9FA7C4BBE8C8A8CB4 /* RouteWaypointAssembler.swift in Sources */,
				EC1CCC78BFB544B19FB3D0F2 /* RoutingConfig.swift in Sources */,
				971B618950A84776BFEDB1B9 /* RoutingLogger.swift in Sources */,
				42B97C4B188D4769A1046A0B /* SegmentRouteResult.swift in Sources */,
				C561A388489A466293649698 /* WalkingDirectionsProviding.swift in Sources */,
				DDE031AFA07D45A8850333A3 /* WaypointPatternGenerator.swift in Sources */,
				F31377B2992F4BD5A73DB1A1 /* AchievementEngine.swift in Sources */,
				35A98DD47F1A4E9AA0030E3D /* AchievementProviding.swift in Sources */,
				91992FE31F164E53AD9D75A5 /* LocationProviding.swift in Sources */,
				7EB6A2F38A844004B6DFA77F /* LocationService.swift in Sources */,
				0C8F3B5D3C0E42F7A40DAF40 /* RouteGenerationProviding.swift in Sources */,
				3DDCBA0CA9E84ABA905E515F /* RouteGenerationService.swift in Sources */,
				8F96330016D2441B8FD2561C /* StepDistanceEstimating.swift in Sources */,
				F6DF6A70CB004A93A907843E /* StepDistanceEstimator.swift in Sources */,
				D9CA5D8C596C4429B200D0B5 /* WalkSessionManager.swift in Sources */,
				6FED7859746448E2838C9FF4 /* WalkSessionManaging.swift in Sources */,
				D5DEC5B18AED4B95AB13A4CF /* AppCopy.swift in Sources */,
				21034A693A8D465BBE15039D /* Formatting.swift in Sources */,
				16F6BCFEF8264D989993B0A6 /* MapRegion+Fitting.swift in Sources */,
				9D77CBFA1296410AA4E44069 /* ASCard.swift in Sources */,
				270D3DF6DE9141528CF371C9 /* MetricCard.swift in Sources */,
				E859D82E71C24FEEBFD5E711 /* PrimaryButton.swift in Sources */,
				5BB76585CA0647288D1BD124 /* Theme.swift in Sources */,
				58871C72FBB84EC1A46BC6B6 /* AchievementsView.swift in Sources */,
				89DB7BFBBA6844518DE4C2BA /* AchievementsViewModel.swift in Sources */,
				99A2BA40578D4D5085E38B9B /* ActiveWalkView.swift in Sources */,
				315E3D450E0C450799DB1391 /* ActiveWalkViewModel.swift in Sources */,
				3063692576D147DBB65F0373 /* HomePlanView.swift in Sources */,
				D916F97537AF420287C34166 /* HomeStack.swift in Sources */,
				A28DEECB55E441A2BB7B8C0B /* HomeView.swift in Sources */,
				22D59E3811154BBCA47B69D7 /* HomeViewModel.swift in Sources */,
				B1BB7F5B7C624240AE395AD5 /* OnboardingView.swift in Sources */,
				C0F2B4C019D34B28B68F7A16 /* OnboardingViewModel.swift in Sources */,
				228A22DAB6BD48A983C18742 /* RoutePreviewView.swift in Sources */,
				E045E18E97F9437CA2D04B80 /* RoutePreviewViewModel.swift in Sources */,
				6A7CC7CF74494DF095C34528 /* SettingsView.swift in Sources */,
				A5B651A0752649069D8932C1 /* SettingsViewModel.swift in Sources */,
				9AC89CCC41F84D15B6748FE6 /* CelebrationConfettiView.swift in Sources */,
				E741A70FD86D40E7B79727C0 /* WalkCompleteView.swift in Sources */,
				97737996FCED4D718B3DC1E7 /* WalkCompleteViewModel.swift in Sources */,
			);
			runOnlyForDeploymentPostprocessing = 0;
		};
		/* End PBXSourcesBuildPhase section */
		/* Begin PBXFrameworksBuildPhase section */
		C7710A021B3C496ABD841787 /* Frameworks */ = {
			isa = PBXFrameworksBuildPhase;
			buildActionMask = 2147483647;
			files = ();
			runOnlyForDeploymentPostprocessing = 0;
		};
		/* End PBXFrameworksBuildPhase section */
		/* Begin PBXSourcesBuildPhase section */
		4FC8D9484F6E4DAA8F3EAC27 /* Sources */ = {
			isa = PBXSourcesBuildPhase;
			buildActionMask = 2147483647;
			files = (
				F5B8CEA0A6724966AD700350 /* AchievementRulesTests.swift in Sources */,
				C0605D9666AC43F591F16D57 /* MockLocationService.swift in Sources */,
				B33D4A1715BD41109E6EC59F /* RouteScoringTests.swift in Sources */,
				E0B1651033D24B61838477F7 /* StepDistanceEstimatorTests.swift in Sources */,
				133AAA8214E6456C9D9909CA /* StreakManagerTests.swift in Sources */,
				46181D49AC6341049E1525FF /* WalkSessionManagerTests.swift in Sources */,
				AA10BB20CC30DD40EE50FA62 /* GeodesyTests.swift in Sources */,
				BB20CC30DD40EE50FA60BB12 /* HomeViewModelTests.swift in Sources */,
			);
			runOnlyForDeploymentPostprocessing = 0;
		};
		/* End PBXSourcesBuildPhase section */
		/* Begin XCBuildConfiguration section */
		B63BDC8D05A348FFBF765025 /* Debug */ = {
			isa = XCBuildConfiguration;
			buildSettings = {
				ASSETCATALOG_COMPILER_APPICON_NAME = AppIcon;
				ASSETCATALOG_COMPILER_GLOBAL_ACCENT_COLOR_NAME = AccentColor;
				CODE_SIGN_STYLE = Automatic;
				CURRENT_PROJECT_VERSION = 1;
				DEVELOPMENT_TEAM = "";
				ENABLE_PREVIEWS = YES;
				ENABLE_TESTABILITY = YES;
				GENERATE_INFOPLIST_FILE = YES;
				INFOPLIST_KEY_CFBundleDisplayName = "Average Stepper";
				INFOPLIST_KEY_NSLocationWhenInUseUsageDescription = "Average Stepper needs your approximate location to generate walking routes near you and to show your position during an active walk. Data stays on your device.";
				INFOPLIST_KEY_UIApplicationSceneManifest_Generation = YES;
				INFOPLIST_KEY_UILaunchScreen_Generation = YES;
				INFOPLIST_KEY_UISupportedInterfaceOrientations = UIInterfaceOrientationPortrait;
				IPHONEOS_DEPLOYMENT_TARGET = 17.0;
				LD_RUNPATH_SEARCH_PATHS = ("$(inherited)", "@executable_path/Frameworks");
				MARKETING_VERSION = 0.1.0;
				PRODUCT_BUNDLE_IDENTIFIER = com.example.AverageStepper;
				PRODUCT_NAME = "$(TARGET_NAME)";
				SDKROOT = iphoneos;
				SUPPORTED_PLATFORMS = "iphoneos iphonesimulator";
				SWIFT_EMIT_LOC_STRINGS = YES;
				SWIFT_VERSION = 5.0;
				TARGETED_DEVICE_FAMILY = 1;
			};
			name = Debug;
		};
		7D7D15D8E1094C5B8557AF9C /* Release */ = {
			isa = XCBuildConfiguration;
			buildSettings = {
				ASSETCATALOG_COMPILER_APPICON_NAME = AppIcon;
				ASSETCATALOG_COMPILER_GLOBAL_ACCENT_COLOR_NAME = AccentColor;
				CODE_SIGN_STYLE = Automatic;
				CURRENT_PROJECT_VERSION = 1;
				DEVELOPMENT_TEAM = "";
				ENABLE_PREVIEWS = YES;
				GENERATE_INFOPLIST_FILE = YES;
				INFOPLIST_KEY_CFBundleDisplayName = "Average Stepper";
				INFOPLIST_KEY_NSLocationWhenInUseUsageDescription = "Average Stepper needs your approximate location to generate walking routes near you and to show your position during an active walk. Data stays on your device.";
				INFOPLIST_KEY_UIApplicationSceneManifest_Generation = YES;
				INFOPLIST_KEY_UILaunchScreen_Generation = YES;
				INFOPLIST_KEY_UISupportedInterfaceOrientations = UIInterfaceOrientationPortrait;
				IPHONEOS_DEPLOYMENT_TARGET = 17.0;
				LD_RUNPATH_SEARCH_PATHS = ("$(inherited)", "@executable_path/Frameworks");
				MARKETING_VERSION = 0.1.0;
				PRODUCT_BUNDLE_IDENTIFIER = com.example.AverageStepper;
				PRODUCT_NAME = "$(TARGET_NAME)";
				SDKROOT = iphoneos;
				SUPPORTED_PLATFORMS = "iphoneos iphonesimulator";
				SWIFT_EMIT_LOC_STRINGS = YES;
				SWIFT_VERSION = 5.0;
				TARGETED_DEVICE_FAMILY = 1;
				SWIFT_COMPILATION_MODE = wholemodule;
			};
			name = Release;
		};
		364469C1D854470C92569B90 /* Debug */ = {
			isa = XCBuildConfiguration;
			buildSettings = {
				ALWAYS_SEARCH_USER_PATHS = NO;
				CLANG_ANALYZER_NONNULL = YES;
				CLANG_ENABLE_MODULES = YES;
				CLANG_ENABLE_OBJC_ARC = YES;
				COPY_PHASE_STRIP = NO;
				CLANG_WARN_QUOTED_INCLUDE_IN_FRAMEWORK_HEADER = YES;
				GCC_C_LANGUAGE_STANDARD = gnu17;
				IPHONEOS_DEPLOYMENT_TARGET = 17.0;
				LOCALIZATION_PREFERS_STRING_CATALOGS = YES;
				SDKROOT = iphoneos;
				SWIFT_ACTIVE_COMPILATION_CONDITIONS = DEBUG;
				SWIFT_OPTIMIZATION_LEVEL = "-Onone";
			};
			name = Debug;
		};
		0B6DDE98F6AD4CB7BE0D15BA /* Release */ = {
			isa = XCBuildConfiguration;
			buildSettings = {
				ALWAYS_SEARCH_USER_PATHS = NO;
				CLANG_ANALYZER_NONNULL = YES;
				CLANG_ENABLE_MODULES = YES;
				CLANG_ENABLE_OBJC_ARC = YES;
				COPY_PHASE_STRIP = NO;
				CLANG_WARN_QUOTED_INCLUDE_IN_FRAMEWORK_HEADER = YES;
				GCC_C_LANGUAGE_STANDARD = gnu17;
				IPHONEOS_DEPLOYMENT_TARGET = 17.0;
				LOCALIZATION_PREFERS_STRING_CATALOGS = YES;
				SDKROOT = iphoneos;
				SWIFT_COMPILATION_MODE = wholemodule;
			};
			name = Release;
		};
		8BD482CF7B584D35B339758C /* Debug */ = {
			isa = XCBuildConfiguration;
			buildSettings = {
				BUNDLE_LOADER = "$(TEST_HOST)";
				CODE_SIGN_STYLE = Automatic;
				CURRENT_PROJECT_VERSION = 1;
				DEVELOPMENT_TEAM = "";
				GENERATE_INFOPLIST_FILE = YES;
				IPHONEOS_DEPLOYMENT_TARGET = 17.0;
				LD_RUNPATH_SEARCH_PATHS = ("$(inherited)", "@executable_path/Frameworks", "@loader_path/Frameworks");
				MARKETING_VERSION = 0.1.0;
				PRODUCT_BUNDLE_IDENTIFIER = com.example.AverageStepperTests;
				PRODUCT_NAME = "$(TARGET_NAME)";
				SDKROOT = iphoneos;
				SUPPORTED_PLATFORMS = "iphoneos iphonesimulator";
				SWIFT_EMIT_LOC_STRINGS = NO;
				SWIFT_VERSION = 5.0;
				TARGETED_DEVICE_FAMILY = 1;
				TEST_HOST = "$(BUILT_PRODUCTS_DIR)/AverageStepper.app/AverageStepper";
			};
			name = Debug;
		};
		BA9D0D866F894AAB9E9D94A9 /* Release */ = {
			isa = XCBuildConfiguration;
			buildSettings = {
				BUNDLE_LOADER = "$(TEST_HOST)";
				CODE_SIGN_STYLE = Automatic;
				CURRENT_PROJECT_VERSION = 1;
				DEVELOPMENT_TEAM = "";
				GENERATE_INFOPLIST_FILE = YES;
				IPHONEOS_DEPLOYMENT_TARGET = 17.0;
				LD_RUNPATH_SEARCH_PATHS = ("$(inherited)", "@executable_path/Frameworks", "@loader_path/Frameworks");
				MARKETING_VERSION = 0.1.0;
				PRODUCT_BUNDLE_IDENTIFIER = com.example.AverageStepperTests;
				PRODUCT_NAME = "$(TARGET_NAME)";
				SDKROOT = iphoneos;
				SUPPORTED_PLATFORMS = "iphoneos iphonesimulator";
				SWIFT_EMIT_LOC_STRINGS = NO;
				SWIFT_VERSION = 5.0;
				TARGETED_DEVICE_FAMILY = 1;
				TEST_HOST = "$(BUILT_PRODUCTS_DIR)/AverageStepper.app/AverageStepper";
				SWIFT_COMPILATION_MODE = wholemodule;
			};
			name = Release;
		};
		/* End XCBuildConfiguration section */
		/* Begin XCConfigurationList section */
		614C4327B1FF41829101881B /* Build configuration list for PBXNativeTarget "AverageStepper" */ = {
			isa = XCConfigurationList;
			buildConfigurations = (
				B63BDC8D05A348FFBF765025 /* Debug */,
				7D7D15D8E1094C5B8557AF9C /* Release */,
			);
			defaultConfigurationIsVisible = 0;
			defaultConfigurationName = Release;
		};
		862AE882E8F7439BA740A20B /* Build configuration list for PBXNativeTarget "AverageStepperTests" */ = {
			isa = XCConfigurationList;
			buildConfigurations = (
				8BD482CF7B584D35B339758C /* Debug */,
				BA9D0D866F894AAB9E9D94A9 /* Release */,
			);
			defaultConfigurationIsVisible = 0;
			defaultConfigurationName = Release;
		};
		C63AE514CA3D4B48B7AD6A00 /* Build configuration list for PBXProject "AverageStepper" */ = {
			isa = XCConfigurationList;
			buildConfigurations = (
				364469C1D854470C92569B90 /* Debug */,
				0B6DDE98F6AD4CB7BE0D15BA /* Release */,
			);
			defaultConfigurationIsVisible = 0;
			defaultConfigurationName = Release;
		};
		/* End XCConfigurationList section */
	};
	rootObject = C131637E7EA34DAEA3703142 /* Project object */;
}